
Microsoft Visual Studio Solution File, Format Version 12.00
# Visual Studio Version 17
VisualStudioVersion = 17.14.37012.4
MinimumVisualStudioVersion = 10.0.40219.1
Project("{FAE04EC0-301F-11D3-BF4B-00C04F79EFBC}") = "MuuqWear.API", "MuuqWear.API\MuuqWear.API.csproj", "{DC1A59C8-97AC-4070-9528-E644D5956152}"
EndProject
Project("{FAE04EC0-301F-11D3-BF4B-00C04F79EFBC}") = "MuuqWear.Model", "MuuqWear.Model\MuuqWear.Model.csproj", "{CFCFC033-3510-473A-A5D0-15A209A3161F}"
EndProject
Project("{FAE04EC0-301F-11D3-BF4B-00C04F79EFBC}") = "MuuqWear.Application", "MuuqWear.Application\MuuqWear.Application.csproj", "{38BAE72F-A8B9-418D-985E-D282D57C628B}"
EndProject
Global
	GlobalSection(SolutionConfigurationPlatforms) = preSolution
		Debug|Any CPU = Debug|Any CPU
		Release|Any CPU = Release|Any CPU
	EndGlobalSection
	GlobalSection(ProjectConfigurationPlatforms) = postSolution
		{DC1A59C8-97AC-4070-9528-E644D5956152}.Debug|Any CPU.ActiveCfg = Debug|Any CPU
		{DC1A59C8-97AC-4070-9528-E644D5956152}.Debug|Any CPU.Build.0 = Debug|Any CPU
		{DC1A59C8-97AC-4070-9528-E644D5956152}.Release|Any CPU.ActiveCfg = Release|Any CPU
		{DC1A59C8-97AC-4070-9528-E644D5956152}.Release|Any CPU.Build.0 = Release|Any CPU
		{CFCFC033-3510-473A-A5D0-15A209A3161F}.Debug|Any CPU.ActiveCfg = Debug|Any CPU
		{CFCFC033-3510-473A-A5D0-15A209A3161F}.Debug|Any CPU.Build.0 = Debug|Any CPU
		{CFCFC033-3510-473A-A5D0-15A209A3161F}.Release|Any CPU.ActiveCfg = Release|Any CPU
		{CFCFC033-3510-473A-A5D0-15A209A3161F}.Release|Any CPU.Build.0 = Release|Any CPU
		{38BAE72F-A8B9-418D-985E-D282D57C628B}.Debug|Any CPU.ActiveCfg = Debug|Any CPU
		{38BAE72F-A8B9-418D-985E-D282D57C628B}.Debug|Any CPU.Build.0 = Debug|Any CPU
		{38BAE72F-A8B9-418D-985E-D282D57C628B}.Release|Any CPU.ActiveCfg = Release|Any CPU
		{38BAE72F-A8B9-418D-985E-D282D57C628B}.Release|Any CPU.Build.0 = Release|Any CPU
	EndGlobalSection
	GlobalSection(SolutionProperties) = preSolution
		HideSolutionNode = FALSE
	EndGlobalSection
	GlobalSection(ExtensibilityGlobals) = postSolution
		SolutionGuid = {8693138D-6B00-452D-96EA-C3BC9DFECE5C}
	EndGlobalSection
EndGlobal
